
Microsoft Visual Studio Solution File, Format Version 12.00
# Visual Studio Version 17
VisualStudioVersion = 17.1.32421.90
MinimumVisualStudioVersion = 10.0.40219.1
Project("{FAE04EC0-301F-11D3-BF4B-00C04F79EFBC}") = "Modul2Test", "Modul2Test\Modul2Test.csproj", "{BDFA5EBD-6D07-4A2A-A0B1-764FA1F0EFAE}"
EndProject
Project("{FAE04EC0-301F-11D3-BF4B-00C04F79EFBC}") = "Modul2Test2.SqlFacade", "SqlFacade\Modul2Test2.SqlFacade.csproj", "{A4EF2452-6D57-4A7B-ADE7-267C124E403C}"
EndProject
Project("{FAE04EC0-301F-11D3-BF4B-00C04F79EFBC}") = "Modul2TestUnitTest", "Modul2TestUnitTest\Modul2TestUnitTest.csproj", "{94676830-6674-4385-990A-DA164CEC78D8}"
EndProject
Global
	GlobalSection(SolutionConfigurationPlatforms) = preSolution
		Debug|Any CPU = Debug|Any CPU
		Release|Any CPU = Release|Any CPU
	EndGlobalSection
	GlobalSection(ProjectConfigurationPlatforms) = postSolution
		{BDFA5EBD-6D07-4A2A-A0B1-764FA1F0EFAE}.Debug|Any CPU.ActiveCfg = Debug|Any CPU
		{BDFA5EBD-6D07-4A2A-A0B1-764FA1F0EFAE}.Debug|Any CPU.Build.0 = Debug|Any CPU
		{BDFA5EBD-6D07-4A2A-A0B1-764FA1F0EFAE}.Release|Any CPU.ActiveCfg = Release|Any CPU
		{BDFA5EBD-6D07-4A2A-A0B1-764FA1F0EFAE}.Release|Any CPU.Build.0 = Release|Any CPU
		{A4EF2452-6D57-4A7B-ADE7-267C124E403C}.Debug|Any CPU.ActiveCfg = Debug|Any CPU
		{A4EF2452-6D57-4A7B-ADE7-267C124E403C}.Debug|Any CPU.Build.0 = Debug|Any CPU
		{A4EF2452-6D57-4A7B-ADE7-267C124E403C}.Release|Any CPU.ActiveCfg = Release|Any CPU
		{A4EF2452-6D57-4A7B-ADE7-267C124E403C}.Release|Any CPU.Build.0 = Release|Any CPU
		{94676830-6674-4385-990A-DA164CEC78D8}.Debug|Any CPU.ActiveCfg = Debug|Any CPU
		{94676830-6674-4385-990A-DA164CEC78D8}.Debug|Any CPU.Build.0 = Debug|Any CPU
		{94676830-6674-4385-990A-DA164CEC78D8}.Release|Any CPU.ActiveCfg = Release|Any CPU
		{94676830-6674-4385-990A-DA164CEC78D8}.Release|Any CPU.Build.0 = Release|Any CPU
	EndGlobalSection
	GlobalSection(SolutionProperties) = preSolution
		HideSolutionNode = FALSE
	EndGlobalSection
	GlobalSection(ExtensibilityGlobals) = postSolution
		SolutionGuid = {FDBD2ED7-0B7D-40A0-AFA7-4A396E604F0C}
	EndGlobalSection
EndGlobal
